
Microsoft Visual Studio Solution File, Format Version 12.00
# Visual Studio 15
VisualStudioVersion = 15.0.27428.2037
MinimumVisualStudioVersion = 10.0.40219.1
Project("{FAE04EC0-301F-11D3-BF4B-00C04F79EFBC}") = "CodilityTest", "CodilityTest\CodilityTest.csproj", "{05EACACD-2C68-41FA-80BC-ABADAE7F9DBC}"
EndProject
Global
	GlobalSection(SolutionConfigurationPlatforms) = preSolution
		Debug|Any CPU = Debug|Any CPU
		Release|Any CPU = Release|Any CPU
	EndGlobalSection
	GlobalSection(ProjectConfigurationPlatforms) = postSolution
		{05EACACD-2C68-41FA-80BC-ABADAE7F9DBC}.Debug|Any CPU.ActiveCfg = Debug|Any CPU
		{05EACACD-2C68-41FA-80BC-ABADAE7F9DBC}.Debug|Any CPU.Build.0 = Debug|Any CPU
		{05EACACD-2C68-41FA-80BC-ABADAE7F9DBC}.Release|Any CPU.ActiveCfg = Release|Any CPU
		{05EACACD-2C68-41FA-80BC-ABADAE7F9DBC}.Release|Any CPU.Build.0 = Release|Any CPU
	EndGlobalSection
	GlobalSection(SolutionProperties) = preSolution
		HideSolutionNode = FALSE
	EndGlobalSection
	GlobalSection(ExtensibilityGlobals) = postSolution
		SolutionGuid = {0E4C9E81-A088-42B3-ACC3-BF9441FD75E8}
	EndGlobalSection
EndGlobal
